PODS:
  - Alamofire (5.2.2)
  - IQDropDownTextField (2.0)
  - IQKeyboardManagerSwift (6.3.0)
  - RxCocoa (5.1.1):
    - RxRelay (~> 5)
    - RxSwift (~> 5)
  - RxRelay (5.1.1):
    - RxSwift (~> 5)
  - RxSwift (5.1.1)

DEPENDENCIES:
  - Alamofire (~> 5.2.2)
  - IQDropDownTextField
  - IQKeyboardManagerSwift (= 6.3.0)
  - RxCocoa (~> 5.1.1)
  - RxSwift (~> 5.1.1)

SPEC REPOS:
  trunk:
    - Alamofire
    - IQDropDownTextField
    - IQKeyboardManagerSwift
    - RxCocoa
    - RxRelay
    - RxSwift

SPEC CHECKSUMS:
  Alamofire: 814429acc853c6c54ff123fc3d2ef66803823ce0
  IQDropDownTextField: 79293d19042b6f2ee6f02decf4a0e68e59e4f327
  IQKeyboardManagerSwift: a8228c257614af98743b4cd8584637025f36358f
  RxCocoa: 32065309a38d29b5b0db858819b5bf9ef038b601
  RxRelay: d77f7d771495f43c556cbc43eebd1bb54d01e8e9
  RxSwift: 81470a2074fa8780320ea5fe4102807cb7118178

PODFILE CHECKSUM: 61cc2244ef5d4a3b7dc077ed578e86752cbe2e2f

COCOAPODS: 1.9.3
