// !$*UTF8*$!
{
	archiveVersion = 1;
	classes = {
	};
	objectVersion = 51;
	objects = {

/* Begin PBXBuildFile section */
		C6B7290064329A2AFF46D557 /* Pods_Paysera.framework in Frameworks */ = {isa = PBXBuildFile; fileRef = 068D0892E1158CA2BB54DC20 /* Pods_Paysera.framework */; };
		FE11953E24DE6A9800461797 /* AppDelegate.swift in Sources */ = {isa = PBXBuildFile; fileRef = FE11953D24DE6A9800461797 /* AppDelegate.swift */; };
		FE11954024DE6A9800461797 /* SceneDelegate.swift in Sources */ = {isa = PBXBuildFile; fileRef = FE11953F24DE6A9800461797 /* SceneDelegate.swift */; };
		FE11954224DE6A9800461797 /* CurrencyConverterViewController.swift in Sources */ = {isa = PBXBuildFile; fileRef = FE11954124DE6A9800461797 /* CurrencyConverterViewController.swift */; };
		FE11954524DE6A9800461797 /* Main.storyboard in Resources */ = {isa = PBXBuildFile; fileRef = FE11954324DE6A9800461797 /* Main.storyboard */; };
		FE11954824DE6A9800461797 /* Paysera.xcdatamodeld in Sources */ = {isa = PBXBuildFile; fileRef = FE11954624DE6A9800461797 /* Paysera.xcdatamodeld */; };
		FE11954A24DE6A9800461797 /* Assets.xcassets in Resources */ = {isa = PBXBuildFile; fileRef = FE11954924DE6A9800461797 /* Assets.xcassets */; };
		FE11954D24DE6A9800461797 /* LaunchScreen.storyboard in Resources */ = {isa = PBXBuildFile; fileRef = FE11954B24DE6A9800461797 /* LaunchScreen.storyboard */; };
		FE5A960A24DEA6D1009830EA /* Extensions.swift in Sources */ = {isa = PBXBuildFile; fileRef = FE5A960924DEA6D1009830EA /* Extensions.swift */; };
		FE5A960E24DECF8E009830EA /* ChooseCurrencyViewController.swift in Sources */ = {isa = PBXBuildFile; fileRef = FE5A960D24DECF8E009830EA /* ChooseCurrencyViewController.swift */; };
		FE764DFB24DF7EDD001708CE /* WebService.swift in Sources */ = {isa = PBXBuildFile; fileRef = FE764DFA24DF7EDD001708CE /* WebService.swift */; };
		FE764E0024DF7EF8001708CE /* WebServiceError.swift in Sources */ = {isa = PBXBuildFile; fileRef = FE764DFF24DF7EF8001708CE /* WebServiceError.swift */; };
		FE764E0224DF8595001708CE /* Strings.swift in Sources */ = {isa = PBXBuildFile; fileRef = FE764E0124DF8595001708CE /* Strings.swift */; };
		FE764E0424DF85DE001708CE /* Localizable.strings in Resources */ = {isa = PBXBuildFile; fileRef = FE764E0324DF85DE001708CE /* Localizable.strings */; };
		FE764E0624DF8676001708CE /* BaseURLs.swift in Sources */ = {isa = PBXBuildFile; fileRef = FE764E0524DF8676001708CE /* BaseURLs.swift */; };
		FE764E0A24DF8F83001708CE /* CurrencyConverterService.swift in Sources */ = {isa = PBXBuildFile; fileRef = FE764E0924DF8F83001708CE /* CurrencyConverterService.swift */; };
		FE764E1024DF9247001708CE /* CurrencyConverterResponse.swift in Sources */ = {isa = PBXBuildFile; fileRef = FE764E0F24DF9247001708CE /* CurrencyConverterResponse.swift */; };
		FE764E1224DF95DE001708CE /* ApiController.swift in Sources */ = {isa = PBXBuildFile; fileRef = FE764E1124DF95DE001708CE /* ApiController.swift */; };
/* End PBXBuildFile section */

/* Begin PBXFileReference section */
		068D0892E1158CA2BB54DC20 /* Pods_Paysera.framework */ = {isa = PBXFileReference; explicitFileType = wrapper.framework; includeInIndex = 0; path = Pods_Paysera.framework; sourceTree = BUILT_PRODUCTS_DIR; };
		5C08EFA55FE9C087A246F19F /* Pods-Paysera.debug.xcconfig */ = {isa = PBXFileReference; includeInIndex = 1; lastKnownFileType = text.xcconfig; name = "Pods-Paysera.debug.xcconfig"; path = "Target Support Files/Pods-Paysera/Pods-Paysera.debug.xcconfig"; sourceTree = "<group>"; };
		DAE30D2C4658B1754DA0CD94 /* Pods-Paysera.release.xcconfig */ = {isa = PBXFileReference; includeInIndex = 1; lastKnownFileType = text.xcconfig; name = "Pods-Paysera.release.xcconfig"; path = "Target Support Files/Pods-Paysera/Pods-Paysera.release.xcconfig"; sourceTree = "<group>"; };
		FE11953A24DE6A9800461797 /* Paysera.app */ = {isa = PBXFileReference; explicitFileType = wrapper.application; includeInIndex = 0; path = Paysera.app; sourceTree = BUILT_PRODUCTS_DIR; };
		FE11953D24DE6A9800461797 /* AppDelegate.swift */ = {isa = PBXFileReference; lastKnownFileType = sourcecode.swift; path = AppDelegate.swift; sourceTree = "<group>"; };
		FE11953F24DE6A9800461797 /* SceneDelegate.swift */ = {isa = PBXFileReference; lastKnownFileType = sourcecode.swift; path = SceneDelegate.swift; sourceTree = "<group>"; };
		FE11954124DE6A9800461797 /* CurrencyConverterViewController.swift */ = {isa = PBXFileReference; lastKnownFileType = sourcecode.swift; path = CurrencyConverterViewController.swift; sourceTree = "<group>"; };
		FE11954424DE6A9800461797 /* Base */ = {isa = PBXFileReference; lastKnownFileType = file.storyboard; name = Base; path = Base.lproj/Main.storyboard; sourceTree = "<group>"; };
		FE11954724DE6A9800461797 /* Paysera.xcdatamodel */ = {isa = PBXFileReference; lastKnownFileType = wrapper.xcdatamodel; path = Paysera.xcdatamodel; sourceTree = "<group>"; };
		FE11954924DE6A9800461797 /* Assets.xcassets */ = {isa = PBXFileReference; lastKnownFileType = folder.assetcatalog; path = Assets.xcassets; sourceTree = "<group>"; };
		FE11954C24DE6A9800461797 /* Base */ = {isa = PBXFileReference; lastKnownFileType = file.storyboard; name = Base; path = Base.lproj/LaunchScreen.storyboard; sourceTree = "<group>"; };
		FE11954E24DE6A9800461797 /* Info.plist */ = {isa = PBXFileReference; lastKnownFileType = text.plist.xml; path = Info.plist; sourceTree = "<group>"; };
		FE5A960924DEA6D1009830EA /* Extensions.swift */ = {isa = PBXFileReference; lastKnownFileType = sourcecode.swift; path = Extensions.swift; sourceTree = "<group>"; };
		FE5A960D24DECF8E009830EA /* ChooseCurrencyViewController.swift */ = {isa = PBXFileReference; lastKnownFileType = sourcecode.swift; path = ChooseCurrencyViewController.swift; sourceTree = "<group>"; };
		FE764DFA24DF7EDD001708CE /* WebService.swift */ = {isa = PBXFileReference; lastKnownFileType = sourcecode.swift; path = WebService.swift; sourceTree = "<group>"; };
		FE764DFF24DF7EF8001708CE /* WebServiceError.swift */ = {isa = PBXFileReference; lastKnownFileType = sourcecode.swift; path = WebServiceError.swift; sourceTree = "<group>"; };
		FE764E0124DF8595001708CE /* Strings.swift */ = {isa = PBXFileReference; lastKnownFileType = sourcecode.swift; path = Strings.swift; sourceTree = "<group>"; };
		FE764E0324DF85DE001708CE /* Localizable.strings */ = {isa = PBXFileReference; lastKnownFileType = text.plist.strings; path = Localizable.strings; sourceTree = "<group>"; };
		FE764E0524DF8676001708CE /* BaseURLs.swift */ = {isa = PBXFileReference; lastKnownFileType = sourcecode.swift; path = BaseURLs.swift; sourceTree = "<group>"; };
		FE764E0924DF8F83001708CE /* CurrencyConverterService.swift */ = {isa = PBXFileReference; lastKnownFileType = sourcecode.swift; path = CurrencyConverterService.swift; sourceTree = "<group>"; };
		FE764E0F24DF9247001708CE /* CurrencyConverterResponse.swift */ = {isa = PBXFileReference; lastKnownFileType = sourcecode.swift; path = CurrencyConverterResponse.swift; sourceTree = "<group>"; };
		FE764E1124DF95DE001708CE /* ApiController.swift */ = {isa = PBXFileReference; lastKnownFileType = sourcecode.swift; path = ApiController.swift; sourceTree = "<group>"; };
/* End PBXFileReference section */

/* Begin PBXFrameworksBuildPhase section */
		FE11953724DE6A9800461797 /* Frameworks */ = {
			isa = PBXFrameworksBuildPhase;
			buildActionMask = 2147483647;
			files = (
				C6B7290064329A2AFF46D557 /* Pods_Paysera.framework in Frameworks */,
			);
			runOnlyForDeploymentPostprocessing = 0;
		};
/* End PBXFrameworksBuildPhase section */

/* Begin PBXGroup section */
		2A408BA5DDF151A39E0A9018 /* Pods */ = {
			isa = PBXGroup;
			children = (
				5C08EFA55FE9C087A246F19F /* Pods-Paysera.debug.xcconfig */,
				DAE30D2C4658B1754DA0CD94 /* Pods-Paysera.release.xcconfig */,
			);
			path = Pods;
			sourceTree = "<group>";
		};
		C85332749E7EB661432F968C /* Frameworks */ = {
			isa = PBXGroup;
			children = (
				068D0892E1158CA2BB54DC20 /* Pods_Paysera.framework */,
			);
			name = Frameworks;
			sourceTree = "<group>";
		};
		FE11953124DE6A9800461797 = {
			isa = PBXGroup;
			children = (
				FE11953C24DE6A9800461797 /* Paysera */,
				FE11953B24DE6A9800461797 /* Products */,
				2A408BA5DDF151A39E0A9018 /* Pods */,
				C85332749E7EB661432F968C /* Frameworks */,
			);
			sourceTree = "<group>";
		};
		FE11953B24DE6A9800461797 /* Products */ = {
			isa = PBXGroup;
			children = (
				FE11953A24DE6A9800461797 /* Paysera.app */,
			);
			name = Products;
			sourceTree = "<group>";
		};
		FE11953C24DE6A9800461797 /* Paysera */ = {
			isa = PBXGroup;
			children = (
				FE11955724DE6B2400461797 /* Application Layer */,
				FE11955824DE6B2C00461797 /* Presentation Layer */,
				FE764E0724DF8F6B001708CE /* Business Logic Layer */,
				FE11955B24DE6B4F00461797 /* Core Layer */,
				FE11955424DE6A9F00461797 /* Supporting Files */,
				FE11955A24DE6B3A00461797 /* Persistence Store */,
			);
			path = Paysera;
			sourceTree = "<group>";
		};
		FE11955424DE6A9F00461797 /* Supporting Files */ = {
			isa = PBXGroup;
			children = (
				FE11954B24DE6A9800461797 /* LaunchScreen.storyboard */,
				FE11954E24DE6A9800461797 /* Info.plist */,
			);
			path = "Supporting Files";
			sourceTree = "<group>";
		};
		FE11955724DE6B2400461797 /* Application Layer */ = {
			isa = PBXGroup;
			children = (
				FE11953D24DE6A9800461797 /* AppDelegate.swift */,
				FE11953F24DE6A9800461797 /* SceneDelegate.swift */,
			);
			path = "Application Layer";
			sourceTree = "<group>";
		};
		FE11955824DE6B2C00461797 /* Presentation Layer */ = {
			isa = PBXGroup;
			children = (
				FE764DE524DF7B35001708CE /* Scenes */,
			);
			path = "Presentation Layer";
			sourceTree = "<group>";
		};
		FE11955924DE6B3300461797 /* Resources */ = {
			isa = PBXGroup;
			children = (
				FE11954924DE6A9800461797 /* Assets.xcassets */,
			);
			path = Resources;
			sourceTree = "<group>";
		};
		FE11955A24DE6B3A00461797 /* Persistence Store */ = {
			isa = PBXGroup;
			children = (
				FE11954624DE6A9800461797 /* Paysera.xcdatamodeld */,
			);
			path = "Persistence Store";
			sourceTree = "<group>";
		};
		FE11955B24DE6B4F00461797 /* Core Layer */ = {
			isa = PBXGroup;
			children = (
				FE764DF624DF7EAA001708CE /* Web Service */,
				FE5A960824DEA6C6009830EA /* Utilities */,
				FE11955924DE6B3300461797 /* Resources */,
			);
			path = "Core Layer";
			sourceTree = "<group>";
		};
		FE5A960824DEA6C6009830EA /* Utilities */ = {
			isa = PBXGroup;
			children = (
				FE5A960924DEA6D1009830EA /* Extensions.swift */,
				FE764E0124DF8595001708CE /* Strings.swift */,
				FE764E0324DF85DE001708CE /* Localizable.strings */,
			);
			path = Utilities;
			sourceTree = "<group>";
		};
		FE764DE524DF7B35001708CE /* Scenes */ = {
			isa = PBXGroup;
			children = (
				FE764DE624DF7B47001708CE /* Currency Converter */,
				FE764DE724DF7B57001708CE /* Choose Currency */,
			);
			path = Scenes;
			sourceTree = "<group>";
		};
		FE764DE624DF7B47001708CE /* Currency Converter */ = {
			isa = PBXGroup;
			children = (
				FE764DE824DF7C18001708CE /* View */,
			);
			path = "Currency Converter";
			sourceTree = "<group>";
		};
		FE764DE724DF7B57001708CE /* Choose Currency */ = {
			isa = PBXGroup;
			children = (
				FE5A960D24DECF8E009830EA /* ChooseCurrencyViewController.swift */,
			);
			path = "Choose Currency";
			sourceTree = "<group>";
		};
		FE764DE824DF7C18001708CE /* View */ = {
			isa = PBXGroup;
			children = (
				FE11954124DE6A9800461797 /* CurrencyConverterViewController.swift */,
				FE11954324DE6A9800461797 /* Main.storyboard */,
			);
			path = View;
			sourceTree = "<group>";
		};
		FE764DF624DF7EAA001708CE /* Web Service */ = {
			isa = PBXGroup;
			children = (
				FE764DFA24DF7EDD001708CE /* WebService.swift */,
				FE764E1124DF95DE001708CE /* ApiController.swift */,
				FE764DF924DF7ECA001708CE /* Error */,
				FE764DF724DF7EB5001708CE /* BaseURLs */,
			);
			path = "Web Service";
			sourceTree = "<group>";
		};
		FE764DF724DF7EB5001708CE /* BaseURLs */ = {
			isa = PBXGroup;
			children = (
				FE764E0524DF8676001708CE /* BaseURLs.swift */,
			);
			path = BaseURLs;
			sourceTree = "<group>";
		};
		FE764DF924DF7ECA001708CE /* Error */ = {
			isa = PBXGroup;
			children = (
				FE764DFF24DF7EF8001708CE /* WebServiceError.swift */,
			);
			path = Error;
			sourceTree = "<group>";
		};
		FE764E0724DF8F6B001708CE /* Business Logic Layer */ = {
			isa = PBXGroup;
			children = (
				FE764E0824DF8F73001708CE /* Services */,
				FE764E0E24DF9239001708CE /* Models */,
			);
			path = "Business Logic Layer";
			sourceTree = "<group>";
		};
		FE764E0824DF8F73001708CE /* Services */ = {
			isa = PBXGroup;
			children = (
				FE764E0924DF8F83001708CE /* CurrencyConverterService.swift */,
			);
			path = Services;
			sourceTree = "<group>";
		};
		FE764E0E24DF9239001708CE /* Models */ = {
			isa = PBXGroup;
			children = (
				FE764E0F24DF9247001708CE /* CurrencyConverterResponse.swift */,
			);
			path = Models;
			sourceTree = "<group>";
		};
/* End PBXGroup section */

/* Begin PBXNativeTarget section */
		FE11953924DE6A9800461797 /* Paysera */ = {
			isa = PBXNativeTarget;
			buildConfigurationList = FE11955124DE6A9800461797 /* Build configuration list for PBXNativeTarget "Paysera" */;
			buildPhases = (
				A955D405BCEB6C33C06616CE /* [CP] Check Pods Manifest.lock */,
				FE11953624DE6A9800461797 /* Sources */,
				FE11953724DE6A9800461797 /* Frameworks */,
				FE11953824DE6A9800461797 /* Resources */,
				8421E5750A62CC2055D5E307 /* [CP] Embed Pods Frameworks */,
			);
			buildRules = (
			);
			dependencies = (
			);
			name = Paysera;
			productName = Paysera;
			productReference = FE11953A24DE6A9800461797 /* Paysera.app */;
			productType = "com.apple.product-type.application";
		};
/* End PBXNativeTarget section */

/* Begin PBXProject section */
		FE11953224DE6A9800461797 /* Project object */ = {
			isa = PBXProject;
			attributes = {
				LastSwiftUpdateCheck = 1160;
				LastUpgradeCheck = 1160;
				ORGANIZATIONNAME = "Jeric Miana";
				TargetAttributes = {
					FE11953924DE6A9800461797 = {
						CreatedOnToolsVersion = 11.6;
					};
				};
			};
			buildConfigurationList = FE11953524DE6A9800461797 /* Build configuration list for PBXProject "Paysera" */;
			compatibilityVersion = "Xcode 9.3";
			developmentRegion = en;
			hasScannedForEncodings = 0;
			knownRegions = (
				en,
				Base,
			);
			mainGroup = FE11953124DE6A9800461797;
			productRefGroup = FE11953B24DE6A9800461797 /* Products */;
			projectDirPath = "";
			projectRoot = "";
			targets = (
				FE11953924DE6A9800461797 /* Paysera */,
			);
		};
/* End PBXProject section */

/* Begin PBXResourcesBuildPhase section */
		FE11953824DE6A9800461797 /* Resources */ = {
			isa = PBXResourcesBuildPhase;
			buildActionMask = 2147483647;
			files = (
				FE11954D24DE6A9800461797 /* LaunchScreen.storyboard in Resources */,
				FE764E0424DF85DE001708CE /* Localizable.strings in Resources */,
				FE11954A24DE6A9800461797 /* Assets.xcassets in Resources */,
				FE11954524DE6A9800461797 /* Main.storyboard in Resources */,
			);
			runOnlyForDeploymentPostprocessing = 0;
		};
/* End PBXResourcesBuildPhase section */

/* Begin PBXShellScriptBuildPhase section */
		8421E5750A62CC2055D5E307 /* [CP] Embed Pods Frameworks */ = {
			isa = PBXShellScriptBuildPhase;
			buildActionMask = 2147483647;
			files = (
			);
			inputFileListPaths = (
				"${PODS_ROOT}/Target Support Files/Pods-Paysera/Pods-Paysera-frameworks-${CONFIGURATION}-input-files.xcfilelist",
			);
			name = "[CP] Embed Pods Frameworks";
			outputFileListPaths = (
				"${PODS_ROOT}/Target Support Files/Pods-Paysera/Pods-Paysera-frameworks-${CONFIGURATION}-output-files.xcfilelist",
			);
			runOnlyForDeploymentPostprocessing = 0;
			shellPath = /bin/sh;
			shellScript = "\"${PODS_ROOT}/Target Support Files/Pods-Paysera/Pods-Paysera-frameworks.sh\"\n";
			showEnvVarsInLog = 0;
		};
		A955D405BCEB6C33C06616CE /* [CP] Check Pods Manifest.lock */ = {
			isa = PBXShellScriptBuildPhase;
			buildActionMask = 2147483647;
			files = (
			);
			inputFileListPaths = (
			);
			inputPaths = (
				"${PODS_PODFILE_DIR_PATH}/Podfile.lock",
				"${PODS_ROOT}/Manifest.lock",
			);
			name = "[CP] Check Pods Manifest.lock";
			outputFileListPaths = (
			);
			outputPaths = (
				"$(DERIVED_FILE_DIR)/Pods-Paysera-checkManifestLockResult.txt",
			);
			runOnlyForDeploymentPostprocessing = 0;
			shellPath = /bin/sh;
			shellScript = "diff \"${PODS_PODFILE_DIR_PATH}/Podfile.lock\" \"${PODS_ROOT}/Manifest.lock\" > /dev/null\nif [ $? != 0 ] ; then\n    # print error to STDERR\n    echo \"error: The sandbox is not in sync with the Podfile.lock. Run 'pod install' or update your CocoaPods installation.\" >&2\n    exit 1\nfi\n# This output is used by Xcode 'outputs' to avoid re-running this script phase.\necho \"SUCCESS\" > \"${SCRIPT_OUTPUT_FILE_0}\"\n";
			showEnvVarsInLog = 0;
		};
/* End PBXShellScriptBuildPhase section */

/* Begin PBXSourcesBuildPhase section */
		FE11953624DE6A9800461797 /* Sources */ = {
			isa = PBXSourcesBuildPhase;
			buildActionMask = 2147483647;
			files = (
				FE5A960E24DECF8E009830EA /* ChooseCurrencyViewController.swift in Sources */,
				FE764E1224DF95DE001708CE /* ApiController.swift in Sources */,
				FE5A960A24DEA6D1009830EA /* Extensions.swift in Sources */,
				FE764E0A24DF8F83001708CE /* CurrencyConverterService.swift in Sources */,
				FE764E0224DF8595001708CE /* Strings.swift in Sources */,
				FE764DFB24DF7EDD001708CE /* WebService.swift in Sources */,
				FE11954224DE6A9800461797 /* CurrencyConverterViewController.swift in Sources */,
				FE11954824DE6A9800461797 /* Paysera.xcdatamodeld in Sources */,
				FE764E0624DF8676001708CE /* BaseURLs.swift in Sources */,
				FE764E1024DF9247001708CE /* CurrencyConverterResponse.swift in Sources */,
				FE11953E24DE6A9800461797 /* AppDelegate.swift in Sources */,
				FE764E0024DF7EF8001708CE /* WebServiceError.swift in Sources */,
				FE11954024DE6A9800461797 /* SceneDelegate.swift in Sources */,
			);
			runOnlyForDeploymentPostprocessing = 0;
		};
/* End PBXSourcesBuildPhase section */

/* Begin PBXVariantGroup section */
		FE11954324DE6A9800461797 /* Main.storyboard */ = {
			isa = PBXVariantGroup;
			children = (
				FE11954424DE6A9800461797 /* Base */,
			);
			name = Main.storyboard;
			sourceTree = "<group>";
		};
		FE11954B24DE6A9800461797 /* LaunchScreen.storyboard */ = {
			isa = PBXVariantGroup;
			children = (
				FE11954C24DE6A9800461797 /* Base */,
			);
			name = LaunchScreen.storyboard;
			sourceTree = "<group>";
		};
/* End PBXVariantGroup section */

/* Begin XCBuildConfiguration section */
		FE11954F24DE6A9800461797 /* Debug */ = {
			isa = XCBuildConfiguration;
			buildSettings = {
				ALWAYS_SEARCH_USER_PATHS = NO;
				CLANG_ANALYZER_NONNULL = YES;
				CLANG_ANALYZER_NUMBER_OBJECT_CONVERSION = YES_AGGRESSIVE;
				CLANG_CXX_LANGUAGE_STANDARD = "gnu++14";
				CLANG_CXX_LIBRARY = "libc++";
				CLANG_ENABLE_MODULES = YES;
				CLANG_ENABLE_OBJC_ARC = YES;
				CLANG_ENABLE_OBJC_WEAK = YES;
				CLANG_WARN_BLOCK_CAPTURE_AUTORELEASING = YES;
				CLANG_WARN_BOOL_CONVERSION = YES;
				CLANG_WARN_COMMA = YES;
				CLANG_WARN_CONSTANT_CONVERSION = YES;
				CLANG_WARN_DEPRECATED_OBJC_IMPLEMENTATIONS = YES;
				CLANG_WARN_DIRECT_OBJC_ISA_USAGE = YES_ERROR;
				CLANG_WARN_DOCUMENTATION_COMMENTS = YES;
				CLANG_WARN_EMPTY_BODY = YES;
				CLANG_WARN_ENUM_CONVERSION = YES;
				CLANG_WARN_INFINITE_RECURSION = YES;
				CLANG_WARN_INT_CONVERSION = YES;
				CLANG_WARN_NON_LITERAL_NULL_CONVERSION = YES;
				CLANG_WARN_OBJC_IMPLICIT_RETAIN_SELF = YES;
				CLANG_WARN_OBJC_LITERAL_CONVERSION = YES;
				CLANG_WARN_OBJC_ROOT_CLASS = YES_ERROR;
				CLANG_WARN_RANGE_LOOP_ANALYSIS = YES;
				CLANG_WARN_STRICT_PROTOTYPES = YES;
				CLANG_WARN_SUSPICIOUS_MOVE = YES;
				CLANG_WARN_UNGUARDED_AVAILABILITY = YES_AGGRESSIVE;
				CLANG_WARN_UNREACHABLE_CODE = YES;
				CLANG_WARN__DUPLICATE_METHOD_MATCH = YES;
				COPY_PHASE_STRIP = NO;
				DEBUG_INFORMATION_FORMAT = dwarf;
				ENABLE_STRICT_OBJC_MSGSEND = YES;
				ENABLE_TESTABILITY = YES;
				GCC_C_LANGUAGE_STANDARD = gnu11;
				GCC_DYNAMIC_NO_PIC = NO;
				GCC_NO_COMMON_BLOCKS = YES;
				GCC_OPTIMIZATION_LEVEL = 0;
				GCC_PREPROCESSOR_DEFINITIONS = (
					"DEBUG=1",
					"$(inherited)",
				);
				GCC_WARN_64_TO_32_BIT_CONVERSION = YES;
				GCC_WARN_ABOUT_RETURN_TYPE = YES_ERROR;
				GCC_WARN_UNDECLARED_SELECTOR = YES;
				GCC_WARN_UNINITIALIZED_AUTOS = YES_AGGRESSIVE;
				GCC_WARN_UNUSED_FUNCTION = YES;
				GCC_WARN_UNUSED_VARIABLE = YES;
				IPHONEOS_DEPLOYMENT_TARGET = 13.6;
				MTL_ENABLE_DEBUG_INFO = INCLUDE_SOURCE;
				MTL_FAST_MATH = YES;
				ONLY_ACTIVE_ARCH = YES;
				SDKROOT = iphoneos;
				SWIFT_ACTIVE_COMPILATION_CONDITIONS = DEBUG;
				SWIFT_OPTIMIZATION_LEVEL = "-Onone";
			};
			name = Debug;
		};
		FE11955024DE6A9800461797 /* Release */ = {
			isa = XCBuildConfiguration;
			buildSettings = {
				ALWAYS_SEARCH_USER_PATHS = NO;
				CLANG_ANALYZER_NONNULL = YES;
				CLANG_ANALYZER_NUMBER_OBJECT_CONVERSION = YES_AGGRESSIVE;
				CLANG_CXX_LANGUAGE_STANDARD = "gnu++14";
				CLANG_CXX_LIBRARY = "libc++";
				CLANG_ENABLE_MODULES = YES;
				CLANG_ENABLE_OBJC_ARC = YES;
				CLANG_ENABLE_OBJC_WEAK = YES;
				CLANG_WARN_BLOCK_CAPTURE_AUTORELEASING = YES;
				CLANG_WARN_BOOL_CONVERSION = YES;
				CLANG_WARN_COMMA = YES;
				CLANG_WARN_CONSTANT_CONVERSION = YES;
				CLANG_WARN_DEPRECATED_OBJC_IMPLEMENTATIONS = YES;
				CLANG_WARN_DIRECT_OBJC_ISA_USAGE = YES_ERROR;
				CLANG_WARN_DOCUMENTATION_COMMENTS = YES;
				CLANG_WARN_EMPTY_BODY = YES;
				CLANG_WARN_ENUM_CONVERSION = YES;
				CLANG_WARN_INFINITE_RECURSION = YES;
				CLANG_WARN_INT_CONVERSION = YES;
				CLANG_WARN_NON_LITERAL_NULL_CONVERSION = YES;
				CLANG_WARN_OBJC_IMPLICIT_RETAIN_SELF = YES;
				CLANG_WARN_OBJC_LITERAL_CONVERSION = YES;
				CLANG_WARN_OBJC_ROOT_CLASS = YES_ERROR;
				CLANG_WARN_RANGE_LOOP_ANALYSIS = YES;
				CLANG_WARN_STRICT_PROTOTYPES = YES;
				CLANG_WARN_SUSPICIOUS_MOVE = YES;
				CLANG_WARN_UNGUARDED_AVAILABILITY = YES_AGGRESSIVE;
				CLANG_WARN_UNREACHABLE_CODE = YES;
				CLANG_WARN__DUPLICATE_METHOD_MATCH = YES;
				COPY_PHASE_STRIP = NO;
				DEBUG_INFORMATION_FORMAT = "dwarf-with-dsym";
				ENABLE_NS_ASSERTIONS = NO;
				ENABLE_STRICT_OBJC_MSGSEND = YES;
				GCC_C_LANGUAGE_STANDARD = gnu11;
				GCC_NO_COMMON_BLOCKS = YES;
				GCC_WARN_64_TO_32_BIT_CONVERSION = YES;
				GCC_WARN_ABOUT_RETURN_TYPE = YES_ERROR;
				GCC_WARN_UNDECLARED_SELECTOR = YES;
				GCC_WARN_UNINITIALIZED_AUTOS = YES_AGGRESSIVE;
				GCC_WARN_UNUSED_FUNCTION = YES;
				GCC_WARN_UNUSED_VARIABLE = YES;
				IPHONEOS_DEPLOYMENT_TARGET = 13.6;
				MTL_ENABLE_DEBUG_INFO = NO;
				MTL_FAST_MATH = YES;
				SDKROOT = iphoneos;
				SWIFT_COMPILATION_MODE = wholemodule;
				SWIFT_OPTIMIZATION_LEVEL = "-O";
				VALIDATE_PRODUCT = YES;
			};
			name = Release;
		};
		FE11955224DE6A9800461797 /* Debug */ = {
			isa = XCBuildConfiguration;
			baseConfigurationReference = 5C08EFA55FE9C087A246F19F /* Pods-Paysera.debug.xcconfig */;
			buildSettings = {
				ASSETCATALOG_COMPILER_APPICON_NAME = AppIcon;
				CODE_SIGN_STYLE = Automatic;
				DEVELOPMENT_TEAM = 5H7N2BU2XD;
				INFOPLIST_FILE = "$(SRCROOT)/Paysera/Supporting Files/Info.plist";
				LD_RUNPATH_SEARCH_PATHS = (
					"$(inherited)",
					"@executable_path/Frameworks",
				);
				PRODUCT_BUNDLE_IDENTIFIER = com.jericmiana.Paysera;
				PRODUCT_NAME = "$(TARGET_NAME)";
				SWIFT_VERSION = 5.0;
				TARGETED_DEVICE_FAMILY = "1,2";
			};
			name = Debug;
		};
		FE11955324DE6A9800461797 /* Release */ = {
			isa = XCBuildConfiguration;
			baseConfigurationReference = DAE30D2C4658B1754DA0CD94 /* Pods-Paysera.release.xcconfig */;
			buildSettings = {
				ASSETCATALOG_COMPILER_APPICON_NAME = AppIcon;
				CODE_SIGN_STYLE = Automatic;
				DEVELOPMENT_TEAM = 5H7N2BU2XD;
				INFOPLIST_FILE = "$(SRCROOT)/Paysera/Supporting Files/Info.plist";
				LD_RUNPATH_SEARCH_PATHS = (
					"$(inherited)",
					"@executable_path/Frameworks",
				);
				PRODUCT_BUNDLE_IDENTIFIER = com.jericmiana.Paysera;
				PRODUCT_NAME = "$(TARGET_NAME)";
				SWIFT_VERSION = 5.0;
				TARGETED_DEVICE_FAMILY = "1,2";
			};
			name = Release;
		};
/* End XCBuildConfiguration section */

/* Begin XCConfigurationList section */
		FE11953524DE6A9800461797 /* Build configuration list for PBXProject "Paysera" */ = {
			isa = XCConfigurationList;
			buildConfigurations = (
				FE11954F24DE6A9800461797 /* Debug */,
				FE11955024DE6A9800461797 /* Release */,
			);
			defaultConfigurationIsVisible = 0;
			defaultConfigurationName = Release;
		};
		FE11955124DE6A9800461797 /* Build configuration list for PBXNativeTarget "Paysera" */ = {
			isa = XCConfigurationList;
			buildConfigurations = (
				FE11955224DE6A9800461797 /* Debug */,
				FE11955324DE6A9800461797 /* Release */,
			);
			defaultConfigurationIsVisible = 0;
			defaultConfigurationName = Release;
		};
/* End XCConfigurationList section */

/* Begin XCVersionGroup section */
		FE11954624DE6A9800461797 /* Paysera.xcdatamodeld */ = {
			isa = XCVersionGroup;
			children = (
				FE11954724DE6A9800461797 /* Paysera.xcdatamodel */,
			);
			currentVersion = FE11954724DE6A9800461797 /* Paysera.xcdatamodel */;
			path = Paysera.xcdatamodeld;
			sourceTree = "<group>";
			versionGroupType = wrapper.xcdatamodel;
		};
/* End XCVersionGroup section */
	};
	rootObject = FE11953224DE6A9800461797 /* Project object */;
}
